
Microsoft Visual Studio Solution File, Format Version 12.00
# Visual Studio 15
VisualStudioVersion = 15.0.26730.15
MinimumVisualStudioVersion = 10.0.40219.1
Project("{FAE04EC0-301F-11D3-BF4B-00C04F79EFBC}") = "jdpic", "jdpic\jdpic.csproj", "{8F74D175-62E5-4E72-B146-8D1990B78E85}"
EndProject
Global
	GlobalSection(SolutionConfigurationPlatforms) = preSolution
		Debug|Any CPU = Debug|Any CPU
		Release|Any CPU = Release|Any CPU
	EndGlobalSection
	GlobalSection(ProjectConfigurationPlatforms) = postSolution
		{8F74D175-62E5-4E72-B146-8D1990B78E85}.Debug|Any CPU.ActiveCfg = Debug|Any CPU
		{8F74D175-62E5-4E72-B146-8D1990B78E85}.Debug|Any CPU.Build.0 = Debug|Any CPU
		{8F74D175-62E5-4E72-B146-8D1990B78E85}.Release|Any CPU.ActiveCfg = Release|Any CPU
		{8F74D175-62E5-4E72-B146-8D1990B78E85}.Release|Any CPU.Build.0 = Release|Any CPU
	EndGlobalSection
	GlobalSection(SolutionProperties) = preSolution
		HideSolutionNode = FALSE
	EndGlobalSection
	GlobalSection(ExtensibilityGlobals) = postSolution
		SolutionGuid = {073B6721-FAB8-48D5-A015-B1116DA0594D}
	EndGlobalSection
EndGlobal
